
Microsoft Visual Studio Solution File, Format Version 12.00
Project("{FAE04EC0-301F-11D3-BF4B-00C04F79EFBC}") = "SimplecMethod", "SimplecMethod\SimplecMethod.csproj", "{1FD26CE6-3EAC-4181-91ED-23F1CCD542EE}"
EndProject
Project("{FAE04EC0-301F-11D3-BF4B-00C04F79EFBC}") = "WebApplication1", "WebApplication1\WebApplication1.csproj", "{947BCFCC-D6C4-40CC-8D0E-C65A8F1E8E13}"
EndProject
Global
	GlobalSection(SolutionConfigurationPlatforms) = preSolution
		Debug|Any CPU = Debug|Any CPU
		Release|Any CPU = Release|Any CPU
	EndGlobalSection
	GlobalSection(ProjectConfigurationPlatforms) = postSolution
		{1FD26CE6-3EAC-4181-91ED-23F1CCD542EE}.Debug|Any CPU.ActiveCfg = Debug|Any CPU
		{1FD26CE6-3EAC-4181-91ED-23F1CCD542EE}.Debug|Any CPU.Build.0 = Debug|Any CPU
		{1FD26CE6-3EAC-4181-91ED-23F1CCD542EE}.Release|Any CPU.ActiveCfg = Release|Any CPU
		{1FD26CE6-3EAC-4181-91ED-23F1CCD542EE}.Release|Any CPU.Build.0 = Release|Any CPU
		{947BCFCC-D6C4-40CC-8D0E-C65A8F1E8E13}.Debug|Any CPU.ActiveCfg = Debug|Any CPU
		{947BCFCC-D6C4-40CC-8D0E-C65A8F1E8E13}.Debug|Any CPU.Build.0 = Debug|Any CPU
		{947BCFCC-D6C4-40CC-8D0E-C65A8F1E8E13}.Release|Any CPU.ActiveCfg = Release|Any CPU
		{947BCFCC-D6C4-40CC-8D0E-C65A8F1E8E13}.Release|Any CPU.Build.0 = Release|Any CPU
	EndGlobalSection
EndGlobal
